
Microsoft Visual Studio Solution File, Format Version 12.00
# Visual Studio Version 17
VisualStudioVersion = 17.7.34202.233
MinimumVisualStudioVersion = 10.0.40219.1
Project("{FAE04EC0-301F-11D3-BF4B-00C04F79EFBC}") = "Task1", "Task1\Task1.csproj", "{DB27C494-78D1-404F-8779-65992DDA8A6B}"
EndProject
Project("{FAE04EC0-301F-11D3-BF4B-00C04F79EFBC}") = "Task2", "Task2\Task2.csproj", "{C75B24FB-DE1F-4750-B6D1-359F8E6A10A9}"
EndProject
Project("{FAE04EC0-301F-11D3-BF4B-00C04F79EFBC}") = "Task3", "Task3\Task3.csproj", "{C60BCA95-5E91-41B9-A4A0-579AD41356EB}"
EndProject
Project("{FAE04EC0-301F-11D3-BF4B-00C04F79EFBC}") = "Task4", "Task4\Task4.csproj", "{66F06661-2588-406A-A7AB-FF541B5C854B}"
EndProject
Global
	GlobalSection(SolutionConfigurationPlatforms) = preSolution
		Debug|Any CPU = Debug|Any CPU
		Release|Any CPU = Release|Any CPU
	EndGlobalSection
	GlobalSection(ProjectConfigurationPlatforms) = postSolution
		{DB27C494-78D1-404F-8779-65992DDA8A6B}.Debug|Any CPU.ActiveCfg = Debug|Any CPU
		{DB27C494-78D1-404F-8779-65992DDA8A6B}.Debug|Any CPU.Build.0 = Debug|Any CPU
		{DB27C494-78D1-404F-8779-65992DDA8A6B}.Release|Any CPU.ActiveCfg = Release|Any CPU
		{DB27C494-78D1-404F-8779-65992DDA8A6B}.Release|Any CPU.Build.0 = Release|Any CPU
		{C75B24FB-DE1F-4750-B6D1-359F8E6A10A9}.Debug|Any CPU.ActiveCfg = Debug|Any CPU
		{C75B24FB-DE1F-4750-B6D1-359F8E6A10A9}.Debug|Any CPU.Build.0 = Debug|Any CPU
		{C75B24FB-DE1F-4750-B6D1-359F8E6A10A9}.Release|Any CPU.ActiveCfg = Release|Any CPU
		{C75B24FB-DE1F-4750-B6D1-359F8E6A10A9}.Release|Any CPU.Build.0 = Release|Any CPU
		{C60BCA95-5E91-41B9-A4A0-579AD41356EB}.Debug|Any CPU.ActiveCfg = Debug|Any CPU
		{C60BCA95-5E91-41B9-A4A0-579AD41356EB}.Debug|Any CPU.Build.0 = Debug|Any CPU
		{C60BCA95-5E91-41B9-A4A0-579AD41356EB}.Release|Any CPU.ActiveCfg = Release|Any CPU
		{C60BCA95-5E91-41B9-A4A0-579AD41356EB}.Release|Any CPU.Build.0 = Release|Any CPU
		{66F06661-2588-406A-A7AB-FF541B5C854B}.Debug|Any CPU.ActiveCfg = Debug|Any CPU
		{66F06661-2588-406A-A7AB-FF541B5C854B}.Debug|Any CPU.Build.0 = Debug|Any CPU
		{66F06661-2588-406A-A7AB-FF541B5C854B}.Release|Any CPU.ActiveCfg = Release|Any CPU
		{66F06661-2588-406A-A7AB-FF541B5C854B}.Release|Any CPU.Build.0 = Release|Any CPU
	EndGlobalSection
	GlobalSection(SolutionProperties) = preSolution
		HideSolutionNode = FALSE
	EndGlobalSection
	GlobalSection(ExtensibilityGlobals) = postSolution
		SolutionGuid = {AFD7A1AC-5E1D-429B-937C-723DFC59462F}
	EndGlobalSection
EndGlobal
